
Microsoft Visual Studio Solution File, Format Version 12.00
# Visual Studio 15
VisualStudioVersion = 15.0.28307.1585
MinimumVisualStudioVersion = 10.0.40219.1
Project("{FAE04EC0-301F-11D3-BF4B-00C04F79EFBC}") = "RepoDownloader", "RepoDownloader\RepoDownloader.csproj", "{16AACFCA-9DBC-4427-8BA4-AABA90E4CA90}"
EndProject
Global
	GlobalSection(SolutionConfigurationPlatforms) = preSolution
		Debug|Any CPU = Debug|Any CPU
		Release|Any CPU = Release|Any CPU
	EndGlobalSection
	GlobalSection(ProjectConfigurationPlatforms) = postSolution
		{16AACFCA-9DBC-4427-8BA4-AABA90E4CA90}.Debug|Any CPU.ActiveCfg = Debug|Any CPU
		{16AACFCA-9DBC-4427-8BA4-AABA90E4CA90}.Debug|Any CPU.Build.0 = Debug|Any CPU
		{16AACFCA-9DBC-4427-8BA4-AABA90E4CA90}.Release|Any CPU.ActiveCfg = Release|Any CPU
		{16AACFCA-9DBC-4427-8BA4-AABA90E4CA90}.Release|Any CPU.Build.0 = Release|Any CPU
	EndGlobalSection
	GlobalSection(SolutionProperties) = preSolution
		HideSolutionNode = FALSE
	EndGlobalSection
	GlobalSection(ExtensibilityGlobals) = postSolution
		SolutionGuid = {844C5F4C-4FBD-4A63-ACC6-37B814E50AA9}
	EndGlobalSection
EndGlobal
